
Microsoft Visual Studio Solution File, Format Version 12.00
# Visual Studio Version 17
VisualStudioVersion = 17.0.31903.59
MinimumVisualStudioVersion = 10.0.40219.1
Project("{FAE04EC0-301F-11D3-BF4B-00C04F79EFBC}") = "Lakshmi", "Lakshmi\Lakshmi.csproj", "{E9BFB83E-78DF-4712-8BD9-7289EED0C978}"
EndProject
Project("{FAE04EC0-301F-11D3-BF4B-00C04F79EFBC}") = "Lakshmi.Sample", "Lakshmi.Sample\Lakshmi.Sample.csproj", "{71794372-C2FD-4AFB-8D54-5F21297EEA9F}"
EndProject
Project("{FAE04EC0-301F-11D3-BF4B-00C04F79EFBC}") = "Lakshmi.Tests", "Lakshmi.Tests\Lakshmi.Tests.csproj", "{AE68194C-47D0-4EDE-AAFF-9EE8D6FD0F68}"
EndProject
Global
	GlobalSection(SolutionConfigurationPlatforms) = preSolution
		Debug|Any CPU = Debug|Any CPU
		Release|Any CPU = Release|Any CPU
	EndGlobalSection
	GlobalSection(SolutionProperties) = preSolution
		HideSolutionNode = FALSE
	EndGlobalSection
	GlobalSection(ProjectConfigurationPlatforms) = postSolution
		{E9BFB83E-78DF-4712-8BD9-7289EED0C978}.Debug|Any CPU.ActiveCfg = Debug|Any CPU
		{E9BFB83E-78DF-4712-8BD9-7289EED0C978}.Debug|Any CPU.Build.0 = Debug|Any CPU
		{E9BFB83E-78DF-4712-8BD9-7289EED0C978}.Release|Any CPU.ActiveCfg = Release|Any CPU
		{E9BFB83E-78DF-4712-8BD9-7289EED0C978}.Release|Any CPU.Build.0 = Release|Any CPU
		{71794372-C2FD-4AFB-8D54-5F21297EEA9F}.Debug|Any CPU.ActiveCfg = Debug|Any CPU
		{71794372-C2FD-4AFB-8D54-5F21297EEA9F}.Debug|Any CPU.Build.0 = Debug|Any CPU
		{71794372-C2FD-4AFB-8D54-5F21297EEA9F}.Release|Any CPU.ActiveCfg = Release|Any CPU
		{71794372-C2FD-4AFB-8D54-5F21297EEA9F}.Release|Any CPU.Build.0 = Release|Any CPU
		{AE68194C-47D0-4EDE-AAFF-9EE8D6FD0F68}.Debug|Any CPU.ActiveCfg = Debug|Any CPU
		{AE68194C-47D0-4EDE-AAFF-9EE8D6FD0F68}.Debug|Any CPU.Build.0 = Debug|Any CPU
		{AE68194C-47D0-4EDE-AAFF-9EE8D6FD0F68}.Release|Any CPU.ActiveCfg = Release|Any CPU
		{AE68194C-47D0-4EDE-AAFF-9EE8D6FD0F68}.Release|Any CPU.Build.0 = Release|Any CPU
	EndGlobalSection
EndGlobal
